
Microsoft Visual Studio Solution File, Format Version 12.00
# Visual Studio 14
VisualStudioVersion = 14.0.25420.1
MinimumVisualStudioVersion = 10.0.40219.1
Project("{FAE04EC0-301F-11D3-BF4B-00C04F79EFBC}") = "FilmRating", "FilmRating\FilmRating\FilmRating.csproj", "{D9BAE0A0-0088-4C7A-B5CD-DE9E85D6F35D}"
EndProject
Project("{FAE04EC0-301F-11D3-BF4B-00C04F79EFBC}") = "FilmRating.Droid", "FilmRating\FilmRating.Droid\FilmRating.Droid.csproj", "{4C77DC73-AD09-4AE1-BC8B-830A10B24232}"
EndProject
Project("{FAE04EC0-301F-11D3-BF4B-00C04F79EFBC}") = "FilmRating.iOS", "FilmRating\FilmRating.iOS\FilmRating.iOS.csproj", "{E27B7CA2-2085-4159-9B91-1C52DA3DB2D9}"
EndProject
Project("{FAE04EC0-301F-11D3-BF4B-00C04F79EFBC}") = "FilmRating.WinPhone", "FilmRating\FilmRating.WinPhone\FilmRating.WinPhone.csproj", "{B6E35A37-9E28-4CA4-BEE3-99A02697B7B3}"
EndProject
Project("{FAE04EC0-301F-11D3-BF4B-00C04F79EFBC}") = "FilmRating.UWP", "FilmRating\FilmRating.UWP\FilmRating.UWP.csproj", "{0A1A056B-AB70-4C65-BAA1-5BC0FD41B6F7}"
EndProject
Project("{FAE04EC0-301F-11D3-BF4B-00C04F79EFBC}") = "FilmRating.Windows", "FilmRating\FilmRating.Windows\FilmRating.Windows.csproj", "{51016599-807A-47C6-BBC3-665F942E4747}"
EndProject
Project("{FAE04EC0-301F-11D3-BF4B-00C04F79EFBC}") = "FilmRatingService", "FilmRatingService\FilmRatingService.csproj", "{19D6A019-C5E7-4B44-8E67-BFA2DE29080F}"
EndProject
Global
	GlobalSection(SolutionConfigurationPlatforms) = preSolution
		Ad-Hoc|Any CPU = Ad-Hoc|Any CPU
		Ad-Hoc|ARM = Ad-Hoc|ARM
		Ad-Hoc|iPhone = Ad-Hoc|iPhone
		Ad-Hoc|iPhoneSimulator = Ad-Hoc|iPhoneSimulator
		Ad-Hoc|x64 = Ad-Hoc|x64
		Ad-Hoc|x86 = Ad-Hoc|x86
		AppStore|Any CPU = AppStore|Any CPU
		AppStore|ARM = AppStore|ARM
		AppStore|iPhone = AppStore|iPhone
		AppStore|iPhoneSimulator = AppStore|iPhoneSimulator
		AppStore|x64 = AppStore|x64
		AppStore|x86 = AppStore|x86
		Debug|Any CPU = Debug|Any CPU
		Debug|ARM = Debug|ARM
		Debug|iPhone = Debug|iPhone
		Debug|iPhoneSimulator = Debug|iPhoneSimulator
		Debug|x64 = Debug|x64
		Debug|x86 = Debug|x86
		Release|Any CPU = Release|Any CPU
		Release|ARM = Release|ARM
		Release|iPhone = Release|iPhone
		Release|iPhoneSimulator = Release|iPhoneSimulator
		Release|x64 = Release|x64
		Release|x86 = Release|x86
	EndGlobalSection
	GlobalSection(ProjectConfigurationPlatforms) = postSolution
		{D9BAE0A0-0088-4C7A-B5CD-DE9E85D6F35D}.Ad-Hoc|Any CPU.ActiveCfg = Release|Any CPU
		{D9BAE0A0-0088-4C7A-B5CD-DE9E85D6F35D}.Ad-Hoc|Any CPU.Build.0 = Release|Any CPU
		{D9BAE0A0-0088-4C7A-B5CD-DE9E85D6F35D}.Ad-Hoc|ARM.ActiveCfg = Release|Any CPU
		{D9BAE0A0-0088-4C7A-B5CD-DE9E85D6F35D}.Ad-Hoc|ARM.Build.0 = Release|Any CPU
		{D9BAE0A0-0088-4C7A-B5CD-DE9E85D6F35D}.Ad-Hoc|iPhone.ActiveCfg = Release|Any CPU
		{D9BAE0A0-0088-4C7A-B5CD-DE9E85D6F35D}.Ad-Hoc|iPhone.Build.0 = Release|Any CPU
		{D9BAE0A0-0088-4C7A-B5CD-DE9E85D6F35D}.Ad-Hoc|iPhoneSimulator.ActiveCfg = Release|Any CPU
		{D9BAE0A0-0088-4C7A-B5CD-DE9E85D6F35D}.Ad-Hoc|iPhoneSimulator.Build.0 = Release|Any CPU
		{D9BAE0A0-0088-4C7A-B5CD-DE9E85D6F35D}.Ad-Hoc|x64.ActiveCfg = Release|Any CPU
		{D9BAE0A0-0088-4C7A-B5CD-DE9E85D6F35D}.Ad-Hoc|x64.Build.0 = Release|Any CPU
		{D9BAE0A0-0088-4C7A-B5CD-DE9E85D6F35D}.Ad-Hoc|x86.ActiveCfg = Release|Any CPU
		{D9BAE0A0-0088-4C7A-B5CD-DE9E85D6F35D}.Ad-Hoc|x86.Build.0 = Release|Any CPU
		{D9BAE0A0-0088-4C7A-B5CD-DE9E85D6F35D}.AppStore|Any CPU.ActiveCfg = Release|Any CPU
		{D9BAE0A0-0088-4C7A-B5CD-DE9E85D6F35D}.AppStore|Any CPU.Build.0 = Release|Any CPU
		{D9BAE0A0-0088-4C7A-B5CD-DE9E85D6F35D}.AppStore|ARM.ActiveCfg = Release|Any CPU
		{D9BAE0A0-0088-4C7A-B5CD-DE9E85D6F35D}.AppStore|ARM.Build.0 = Release|Any CPU
		{D9BAE0A0-0088-4C7A-B5CD-DE9E85D6F35D}.AppStore|iPhone.ActiveCfg = Release|Any CPU
		{D9BAE0A0-0088-4C7A-B5CD-DE9E85D6F35D}.AppStore|iPhone.Build.0 = Release|Any CPU
		{D9BAE0A0-0088-4C7A-B5CD-DE9E85D6F35D}.AppStore|iPhoneSimulator.ActiveCfg = Release|Any CPU
		{D9BAE0A0-0088-4C7A-B5CD-DE9E85D6F35D}.AppStore|iPhoneSimulator.Build.0 = Release|Any CPU
		{D9BAE0A0-0088-4C7A-B5CD-DE9E85D6F35D}.AppStore|x64.ActiveCfg = Release|Any CPU
		{D9BAE0A0-0088-4C7A-B5CD-DE9E85D6F35D}.AppStore|x64.Build.0 = Release|Any CPU
		{D9BAE0A0-0088-4C7A-B5CD-DE9E85D6F35D}.AppStore|x86.ActiveCfg = Release|Any CPU
		{D9BAE0A0-0088-4C7A-B5CD-DE9E85D6F35D}.AppStore|x86.Build.0 = Release|Any CPU
		{D9BAE0A0-0088-4C7A-B5CD-DE9E85D6F35D}.Debug|Any CPU.ActiveCfg = Debug|Any CPU
		{D9BAE0A0-0088-4C7A-B5CD-DE9E85D6F35D}.Debug|Any CPU.Build.0 = Debug|Any CPU
		{D9BAE0A0-0088-4C7A-B5CD-DE9E85D6F35D}.Debug|ARM.ActiveCfg = Debug|Any CPU
		{D9BAE0A0-0088-4C7A-B5CD-DE9E85D6F35D}.Debug|ARM.Build.0 = Debug|Any CPU
		{D9BAE0A0-0088-4C7A-B5CD-DE9E85D6F35D}.Debug|iPhone.ActiveCfg = Debug|Any CPU
		{D9BAE0A0-0088-4C7A-B5CD-DE9E85D6F35D}.Debug|iPhone.Build.0 = Debug|Any CPU
		{D9BAE0A0-0088-4C7A-B5CD-DE9E85D6F35D}.Debug|iPhoneSimulator.ActiveCfg = Debug|Any CPU
		{D9BAE0A0-0088-4C7A-B5CD-DE9E85D6F35D}.Debug|iPhoneSimulator.Build.0 = Debug|Any CPU
		{D9BAE0A0-0088-4C7A-B5CD-DE9E85D6F35D}.Debug|x64.ActiveCfg = Debug|Any CPU
		{D9BAE0A0-0088-4C7A-B5CD-DE9E85D6F35D}.Debug|x64.Build.0 = Debug|Any CPU
		{D9BAE0A0-0088-4C7A-B5CD-DE9E85D6F35D}.Debug|x86.ActiveCfg = Debug|Any CPU
		{D9BAE0A0-0088-4C7A-B5CD-DE9E85D6F35D}.Debug|x86.Build.0 = Debug|Any CPU
		{D9BAE0A0-0088-4C7A-B5CD-DE9E85D6F35D}.Release|Any CPU.ActiveCfg = Release|Any CPU
		{D9BAE0A0-0088-4C7A-B5CD-DE9E85D6F35D}.Release|Any CPU.Build.0 = Release|Any CPU
		{D9BAE0A0-0088-4C7A-B5CD-DE9E85D6F35D}.Release|ARM.ActiveCfg = Release|Any CPU
		{D9BAE0A0-0088-4C7A-B5CD-DE9E85D6F35D}.Release|ARM.Build.0 = Release|Any CPU
		{D9BAE0A0-0088-4C7A-B5CD-DE9E85D6F35D}.Release|iPhone.ActiveCfg = Release|Any CPU
		{D9BAE0A0-0088-4C7A-B5CD-DE9E85D6F35D}.Release|iPhone.Build.0 = Release|Any CPU
		{D9BAE0A0-0088-4C7A-B5CD-DE9E85D6F35D}.Release|iPhoneSimulator.ActiveCfg = Release|Any CPU
		{D9BAE0A0-0088-4C7A-B5CD-DE9E85D6F35D}.Release|iPhoneSimulator.Build.0 = Release|Any CPU
		{D9BAE0A0-0088-4C7A-B5CD-DE9E85D6F35D}.Release|x64.ActiveCfg = Release|Any CPU
		{D9BAE0A0-0088-4C7A-B5CD-DE9E85D6F35D}.Release|x64.Build.0 = Release|Any CPU
		{D9BAE0A0-0088-4C7A-B5CD-DE9E85D6F35D}.Release|x86.ActiveCfg = Release|Any CPU
		{D9BAE0A0-0088-4C7A-B5CD-DE9E85D6F35D}.Release|x86.Build.0 = Release|Any CPU
		{4C77DC73-AD09-4AE1-BC8B-830A10B24232}.Ad-Hoc|Any CPU.ActiveCfg = Release|Any CPU
		{4C77DC73-AD09-4AE1-BC8B-830A10B24232}.Ad-Hoc|Any CPU.Build.0 = Release|Any CPU
		{4C77DC73-AD09-4AE1-BC8B-830A10B24232}.Ad-Hoc|Any CPU.Deploy.0 = Release|Any CPU
		{4C77DC73-AD09-4AE1-BC8B-830A10B24232}.Ad-Hoc|ARM.ActiveCfg = Release|Any CPU
		{4C77DC73-AD09-4AE1-BC8B-830A10B24232}.Ad-Hoc|ARM.Build.0 = Release|Any CPU
		{4C77DC73-AD09-4AE1-BC8B-830A10B24232}.Ad-Hoc|ARM.Deploy.0 = Release|Any CPU
		{4C77DC73-AD09-4AE1-BC8B-830A10B24232}.Ad-Hoc|iPhone.ActiveCfg = Release|Any CPU
		{4C77DC73-AD09-4AE1-BC8B-830A10B24232}.Ad-Hoc|iPhone.Build.0 = Release|Any CPU
		{4C77DC73-AD09-4AE1-BC8B-830A10B24232}.Ad-Hoc|iPhone.Deploy.0 = Release|Any CPU
		{4C77DC73-AD09-4AE1-BC8B-830A10B24232}.Ad-Hoc|iPhoneSimulator.ActiveCfg = Release|Any CPU
		{4C77DC73-AD09-4AE1-BC8B-830A10B24232}.Ad-Hoc|iPhoneSimulator.Build.0 = Release|Any CPU
		{4C77DC73-AD09-4AE1-BC8B-830A10B24232}.Ad-Hoc|iPhoneSimulator.Deploy.0 = Release|Any CPU
		{4C77DC73-AD09-4AE1-BC8B-830A10B24232}.Ad-Hoc|x64.ActiveCfg = Release|Any CPU
		{4C77DC73-AD09-4AE1-BC8B-830A10B24232}.Ad-Hoc|x64.Build.0 = Release|Any CPU
		{4C77DC73-AD09-4AE1-BC8B-830A10B24232}.Ad-Hoc|x64.Deploy.0 = Release|Any CPU
		{4C77DC73-AD09-4AE1-BC8B-830A10B24232}.Ad-Hoc|x86.ActiveCfg = Release|Any CPU
		{4C77DC73-AD09-4AE1-BC8B-830A10B24232}.Ad-Hoc|x86.Build.0 = Release|Any CPU
		{4C77DC73-AD09-4AE1-BC8B-830A10B24232}.Ad-Hoc|x86.Deploy.0 = Release|Any CPU
		{4C77DC73-AD09-4AE1-BC8B-830A10B24232}.AppStore|Any CPU.ActiveCfg = Release|Any CPU
		{4C77DC73-AD09-4AE1-BC8B-830A10B24232}.AppStore|Any CPU.Build.0 = Release|Any CPU
		{4C77DC73-AD09-4AE1-BC8B-830A10B24232}.AppStore|Any CPU.Deploy.0 = Release|Any CPU
		{4C77DC73-AD09-4AE1-BC8B-830A10B24232}.AppStore|ARM.ActiveCfg = Release|Any CPU
		{4C77DC73-AD09-4AE1-BC8B-830A10B24232}.AppStore|ARM.Build.0 = Release|Any CPU
		{4C77DC73-AD09-4AE1-BC8B-830A10B24232}.AppStore|ARM.Deploy.0 = Release|Any CPU
		{4C77DC73-AD09-4AE1-BC8B-830A10B24232}.AppStore|iPhone.ActiveCfg = Release|Any CPU
		{4C77DC73-AD09-4AE1-BC8B-830A10B24232}.AppStore|iPhone.Build.0 = Release|Any CPU
		{4C77DC73-AD09-4AE1-BC8B-830A10B24232}.AppStore|iPhone.Deploy.0 = Release|Any CPU
		{4C77DC73-AD09-4AE1-BC8B-830A10B24232}.AppStore|iPhoneSimulator.ActiveCfg = Release|Any CPU
		{4C77DC73-AD09-4AE1-BC8B-830A10B24232}.AppStore|iPhoneSimulator.Build.0 = Release|Any CPU
		{4C77DC73-AD09-4AE1-BC8B-830A10B24232}.AppStore|iPhoneSimulator.Deploy.0 = Release|Any CPU
		{4C77DC73-AD09-4AE1-BC8B-830A10B24232}.AppStore|x64.ActiveCfg = Release|Any CPU
		{4C77DC73-AD09-4AE1-BC8B-830A10B24232}.AppStore|x64.Build.0 = Release|Any CPU
		{4C77DC73-AD09-4AE1-BC8B-830A10B24232}.AppStore|x64.Deploy.0 = Release|Any CPU
		{4C77DC73-AD09-4AE1-BC8B-830A10B24232}.AppStore|x86.ActiveCfg = Release|Any CPU
		{4C77DC73-AD09-4AE1-BC8B-830A10B24232}.AppStore|x86.Build.0 = Release|Any CPU
		{4C77DC73-AD09-4AE1-BC8B-830A10B24232}.AppStore|x86.Deploy.0 = Release|Any CPU
		{4C77DC73-AD09-4AE1-BC8B-830A10B24232}.Debug|Any CPU.ActiveCfg = Debug|Any CPU
		{4C77DC73-AD09-4AE1-BC8B-830A10B24232}.Debug|Any CPU.Build.0 = Debug|Any CPU
		{4C77DC73-AD09-4AE1-BC8B-830A10B24232}.Debug|Any CPU.Deploy.0 = Debug|Any CPU
		{4C77DC73-AD09-4AE1-BC8B-830A10B24232}.Debug|ARM.ActiveCfg = Debug|Any CPU
		{4C77DC73-AD09-4AE1-BC8B-830A10B24232}.Debug|ARM.Build.0 = Debug|Any CPU
		{4C77DC73-AD09-4AE1-BC8B-830A10B24232}.Debug|ARM.Deploy.0 = Debug|Any CPU
		{4C77DC73-AD09-4AE1-BC8B-830A10B24232}.Debug|iPhone.ActiveCfg = Debug|Any CPU
		{4C77DC73-AD09-4AE1-BC8B-830A10B24232}.Debug|iPhone.Build.0 = Debug|Any CPU
		{4C77DC73-AD09-4AE1-BC8B-830A10B24232}.Debug|iPhone.Deploy.0 = Debug|Any CPU
		{4C77DC73-AD09-4AE1-BC8B-830A10B24232}.Debug|iPhoneSimulator.ActiveCfg = Debug|Any CPU
		{4C77DC73-AD09-4AE1-BC8B-830A10B24232}.Debug|iPhoneSimulator.Build.0 = Debug|Any CPU
		{4C77DC73-AD09-4AE1-BC8B-830A10B24232}.Debug|iPhoneSimulator.Deploy.0 = Debug|Any CPU
		{4C77DC73-AD09-4AE1-BC8B-830A10B24232}.Debug|x64.ActiveCfg = Debug|Any CPU
		{4C77DC73-AD09-4AE1-BC8B-830A10B24232}.Debug|x64.Build.0 = Debug|Any CPU
		{4C77DC73-AD09-4AE1-BC8B-830A10B24232}.Debug|x64.Deploy.0 = Debug|Any CPU
		{4C77DC73-AD09-4AE1-BC8B-830A10B24232}.Debug|x86.ActiveCfg = Debug|Any CPU
		{4C77DC73-AD09-4AE1-BC8B-830A10B24232}.Debug|x86.Build.0 = Debug|Any CPU
		{4C77DC73-AD09-4AE1-BC8B-830A10B24232}.Debug|x86.Deploy.0 = Debug|Any CPU
		{4C77DC73-AD09-4AE1-BC8B-830A10B24232}.Release|Any CPU.ActiveCfg = Release|Any CPU
		{4C77DC73-AD09-4AE1-BC8B-830A10B24232}.Release|Any CPU.Build.0 = Release|Any CPU
		{4C77DC73-AD09-4AE1-BC8B-830A10B24232}.Release|Any CPU.Deploy.0 = Release|Any CPU
		{4C77DC73-AD09-4AE1-BC8B-830A10B24232}.Release|ARM.ActiveCfg = Release|Any CPU
		{4C77DC73-AD09-4AE1-BC8B-830A10B24232}.Release|ARM.Build.0 = Release|Any CPU
		{4C77DC73-AD09-4AE1-BC8B-830A10B24232}.Release|ARM.Deploy.0 = Release|Any CPU
		{4C77DC73-AD09-4AE1-BC8B-830A10B24232}.Release|iPhone.ActiveCfg = Release|Any CPU
		{4C77DC73-AD09-4AE1-BC8B-830A10B24232}.Release|iPhone.Build.0 = Release|Any CPU
		{4C77DC73-AD09-4AE1-BC8B-830A10B24232}.Release|iPhone.Deploy.0 = Release|Any CPU
		{4C77DC73-AD09-4AE1-BC8B-830A10B24232}.Release|iPhoneSimulator.ActiveCfg = Release|Any CPU
		{4C77DC73-AD09-4AE1-BC8B-830A10B24232}.Release|iPhoneSimulator.Build.0 = Release|Any CPU
		{4C77DC73-AD09-4AE1-BC8B-830A10B24232}.Release|iPhoneSimulator.Deploy.0 = Release|Any CPU
		{4C77DC73-AD09-4AE1-BC8B-830A10B24232}.Release|x64.ActiveCfg = Release|Any CPU
		{4C77DC73-AD09-4AE1-BC8B-830A10B24232}.Release|x64.Build.0 = Release|Any CPU
		{4C77DC73-AD09-4AE1-BC8B-830A10B24232}.Release|x64.Deploy.0 = Release|Any CPU
		{4C77DC73-AD09-4AE1-BC8B-830A10B24232}.Release|x86.ActiveCfg = Release|Any CPU
		{4C77DC73-AD09-4AE1-BC8B-830A10B24232}.Release|x86.Build.0 = Release|Any CPU
		{4C77DC73-AD09-4AE1-BC8B-830A10B24232}.Release|x86.Deploy.0 = Release|Any CPU
		{E27B7CA2-2085-4159-9B91-1C52DA3DB2D9}.Ad-Hoc|Any CPU.ActiveCfg = Ad-Hoc|iPhone
		{E27B7CA2-2085-4159-9B91-1C52DA3DB2D9}.Ad-Hoc|ARM.ActiveCfg = Ad-Hoc|iPhone
		{E27B7CA2-2085-4159-9B91-1C52DA3DB2D9}.Ad-Hoc|iPhone.ActiveCfg = Ad-Hoc|iPhone
		{E27B7CA2-2085-4159-9B91-1C52DA3DB2D9}.Ad-Hoc|iPhone.Build.0 = Ad-Hoc|iPhone
		{E27B7CA2-2085-4159-9B91-1C52DA3DB2D9}.Ad-Hoc|iPhoneSimulator.ActiveCfg = Ad-Hoc|iPhoneSimulator
		{E27B7CA2-2085-4159-9B91-1C52DA3DB2D9}.Ad-Hoc|iPhoneSimulator.Build.0 = Ad-Hoc|iPhoneSimulator
		{E27B7CA2-2085-4159-9B91-1C52DA3DB2D9}.Ad-Hoc|x64.ActiveCfg = Ad-Hoc|iPhone
		{E27B7CA2-2085-4159-9B91-1C52DA3DB2D9}.Ad-Hoc|x86.ActiveCfg = Ad-Hoc|iPhone
		{E27B7CA2-2085-4159-9B91-1C52DA3DB2D9}.AppStore|Any CPU.ActiveCfg = AppStore|iPhone
		{E27B7CA2-2085-4159-9B91-1C52DA3DB2D9}.AppStore|ARM.ActiveCfg = AppStore|iPhone
		{E27B7CA2-2085-4159-9B91-1C52DA3DB2D9}.AppStore|iPhone.ActiveCfg = AppStore|iPhone
		{E27B7CA2-2085-4159-9B91-1C52DA3DB2D9}.AppStore|iPhone.Build.0 = AppStore|iPhone
		{E27B7CA2-2085-4159-9B91-1C52DA3DB2D9}.AppStore|iPhoneSimulator.ActiveCfg = AppStore|iPhoneSimulator
		{E27B7CA2-2085-4159-9B91-1C52DA3DB2D9}.AppStore|iPhoneSimulator.Build.0 = AppStore|iPhoneSimulator
		{E27B7CA2-2085-4159-9B91-1C52DA3DB2D9}.AppStore|x64.ActiveCfg = AppStore|iPhone
		{E27B7CA2-2085-4159-9B91-1C52DA3DB2D9}.AppStore|x86.ActiveCfg = AppStore|iPhone
		{E27B7CA2-2085-4159-9B91-1C52DA3DB2D9}.Debug|Any CPU.ActiveCfg = Debug|iPhone
		{E27B7CA2-2085-4159-9B91-1C52DA3DB2D9}.Debug|ARM.ActiveCfg = Debug|iPhone
		{E27B7CA2-2085-4159-9B91-1C52DA3DB2D9}.Debug|iPhone.ActiveCfg = Debug|iPhone
		{E27B7CA2-2085-4159-9B91-1C52DA3DB2D9}.Debug|iPhone.Build.0 = Debug|iPhone
		{E27B7CA2-2085-4159-9B91-1C52DA3DB2D9}.Debug|iPhoneSimulator.ActiveCfg = Debug|iPhoneSimulator
		{E27B7CA2-2085-4159-9B91-1C52DA3DB2D9}.Debug|iPhoneSimulator.Build.0 = Debug|iPhoneSimulator
		{E27B7CA2-2085-4159-9B91-1C52DA3DB2D9}.Debug|x64.ActiveCfg = Debug|iPhone
		{E27B7CA2-2085-4159-9B91-1C52DA3DB2D9}.Debug|x86.ActiveCfg = Debug|iPhone
		{E27B7CA2-2085-4159-9B91-1C52DA3DB2D9}.Release|Any CPU.ActiveCfg = Release|iPhone
		{E27B7CA2-2085-4159-9B91-1C52DA3DB2D9}.Release|ARM.ActiveCfg = Release|iPhone
		{E27B7CA2-2085-4159-9B91-1C52DA3DB2D9}.Release|iPhone.ActiveCfg = Release|iPhone
		{E27B7CA2-2085-4159-9B91-1C52DA3DB2D9}.Release|iPhone.Build.0 = Release|iPhone
		{E27B7CA2-2085-4159-9B91-1C52DA3DB2D9}.Release|iPhoneSimulator.ActiveCfg = Release|iPhoneSimulator
		{E27B7CA2-2085-4159-9B91-1C52DA3DB2D9}.Release|iPhoneSimulator.Build.0 = Release|iPhoneSimulator
		{E27B7CA2-2085-4159-9B91-1C52DA3DB2D9}.Release|x64.ActiveCfg = Release|iPhone
		{E27B7CA2-2085-4159-9B91-1C52DA3DB2D9}.Release|x86.ActiveCfg = Release|iPhone
		{B6E35A37-9E28-4CA4-BEE3-99A02697B7B3}.Ad-Hoc|Any CPU.ActiveCfg = Release|Any CPU
		{B6E35A37-9E28-4CA4-BEE3-99A02697B7B3}.Ad-Hoc|Any CPU.Build.0 = Release|Any CPU
		{B6E35A37-9E28-4CA4-BEE3-99A02697B7B3}.Ad-Hoc|Any CPU.Deploy.0 = Release|Any CPU
		{B6E35A37-9E28-4CA4-BEE3-99A02697B7B3}.Ad-Hoc|ARM.ActiveCfg = Release|ARM
		{B6E35A37-9E28-4CA4-BEE3-99A02697B7B3}.Ad-Hoc|ARM.Build.0 = Release|ARM
		{B6E35A37-9E28-4CA4-BEE3-99A02697B7B3}.Ad-Hoc|ARM.Deploy.0 = Release|ARM
		{B6E35A37-9E28-4CA4-BEE3-99A02697B7B3}.Ad-Hoc|iPhone.ActiveCfg = Release|Any CPU
		{B6E35A37-9E28-4CA4-BEE3-99A02697B7B3}.Ad-Hoc|iPhone.Build.0 = Release|Any CPU
		{B6E35A37-9E28-4CA4-BEE3-99A02697B7B3}.Ad-Hoc|iPhone.Deploy.0 = Release|Any CPU
		{B6E35A37-9E28-4CA4-BEE3-99A02697B7B3}.Ad-Hoc|iPhoneSimulator.ActiveCfg = Release|Any CPU
		{B6E35A37-9E28-4CA4-BEE3-99A02697B7B3}.Ad-Hoc|iPhoneSimulator.Build.0 = Release|Any CPU
		{B6E35A37-9E28-4CA4-BEE3-99A02697B7B3}.Ad-Hoc|iPhoneSimulator.Deploy.0 = Release|Any CPU
		{B6E35A37-9E28-4CA4-BEE3-99A02697B7B3}.Ad-Hoc|x64.ActiveCfg = Release|Any CPU
		{B6E35A37-9E28-4CA4-BEE3-99A02697B7B3}.Ad-Hoc|x64.Build.0 = Release|Any CPU
		{B6E35A37-9E28-4CA4-BEE3-99A02697B7B3}.Ad-Hoc|x64.Deploy.0 = Release|Any CPU
		{B6E35A37-9E28-4CA4-BEE3-99A02697B7B3}.Ad-Hoc|x86.ActiveCfg = Release|x86
		{B6E35A37-9E28-4CA4-BEE3-99A02697B7B3}.Ad-Hoc|x86.Build.0 = Release|x86
		{B6E35A37-9E28-4CA4-BEE3-99A02697B7B3}.Ad-Hoc|x86.Deploy.0 = Release|x86
		{B6E35A37-9E28-4CA4-BEE3-99A02697B7B3}.AppStore|Any CPU.ActiveCfg = Release|Any CPU
		{B6E35A37-9E28-4CA4-BEE3-99A02697B7B3}.AppStore|Any CPU.Build.0 = Release|Any CPU
		{B6E35A37-9E28-4CA4-BEE3-99A02697B7B3}.AppStore|Any CPU.Deploy.0 = Release|Any CPU
		{B6E35A37-9E28-4CA4-BEE3-99A02697B7B3}.AppStore|ARM.ActiveCfg = Release|ARM
		{B6E35A37-9E28-4CA4-BEE3-99A02697B7B3}.AppStore|ARM.Build.0 = Release|ARM
		{B6E35A37-9E28-4CA4-BEE3-99A02697B7B3}.AppStore|ARM.Deploy.0 = Release|ARM
		{B6E35A37-9E28-4CA4-BEE3-99A02697B7B3}.AppStore|iPhone.ActiveCfg = Release|Any CPU
		{B6E35A37-9E28-4CA4-BEE3-99A02697B7B3}.AppStore|iPhone.Build.0 = Release|Any CPU
		{B6E35A37-9E28-4CA4-BEE3-99A02697B7B3}.AppStore|iPhone.Deploy.0 = Release|Any CPU
		{B6E35A37-9E28-4CA4-BEE3-99A02697B7B3}.AppStore|iPhoneSimulator.ActiveCfg = Release|Any CPU
		{B6E35A37-9E28-4CA4-BEE3-99A02697B7B3}.AppStore|iPhoneSimulator.Build.0 = Release|Any CPU
		{B6E35A37-9E28-4CA4-BEE3-99A02697B7B3}.AppStore|iPhoneSimulator.Deploy.0 = Release|Any CPU
		{B6E35A37-9E28-4CA4-BEE3-99A02697B7B3}.AppStore|x64.ActiveCfg = Release|Any CPU
		{B6E35A37-9E28-4CA4-BEE3-99A02697B7B3}.AppStore|x64.Build.0 = Release|Any CPU
		{B6E35A37-9E28-4CA4-BEE3-99A02697B7B3}.AppStore|x64.Deploy.0 = Release|Any CPU
		{B6E35A37-9E28-4CA4-BEE3-99A02697B7B3}.AppStore|x86.ActiveCfg = Release|x86
		{B6E35A37-9E28-4CA4-BEE3-99A02697B7B3}.AppStore|x86.Build.0 = Release|x86
		{B6E35A37-9E28-4CA4-BEE3-99A02697B7B3}.AppStore|x86.Deploy.0 = Release|x86
		{B6E35A37-9E28-4CA4-BEE3-99A02697B7B3}.Debug|Any CPU.ActiveCfg = Debug|Any CPU
		{B6E35A37-9E28-4CA4-BEE3-99A02697B7B3}.Debug|Any CPU.Build.0 = Debug|Any CPU
		{B6E35A37-9E28-4CA4-BEE3-99A02697B7B3}.Debug|Any CPU.Deploy.0 = Debug|Any CPU
		{B6E35A37-9E28-4CA4-BEE3-99A02697B7B3}.Debug|ARM.ActiveCfg = Debug|ARM
		{B6E35A37-9E28-4CA4-BEE3-99A02697B7B3}.Debug|ARM.Build.0 = Debug|ARM
		{B6E35A37-9E28-4CA4-BEE3-99A02697B7B3}.Debug|ARM.Deploy.0 = Debug|ARM
		{B6E35A37-9E28-4CA4-BEE3-99A02697B7B3}.Debug|iPhone.ActiveCfg = Debug|Any CPU
		{B6E35A37-9E28-4CA4-BEE3-99A02697B7B3}.Debug|iPhone.Build.0 = Debug|Any CPU
		{B6E35A37-9E28-4CA4-BEE3-99A02697B7B3}.Debug|iPhone.Deploy.0 = Debug|Any CPU
		{B6E35A37-9E28-4CA4-BEE3-99A02697B7B3}.Debug|iPhoneSimulator.ActiveCfg = Debug|Any CPU
		{B6E35A37-9E28-4CA4-BEE3-99A02697B7B3}.Debug|iPhoneSimulator.Build.0 = Debug|Any CPU
		{B6E35A37-9E28-4CA4-BEE3-99A02697B7B3}.Debug|iPhoneSimulator.Deploy.0 = Debug|Any CPU
		{B6E35A37-9E28-4CA4-BEE3-99A02697B7B3}.Debug|x64.ActiveCfg = Debug|Any CPU
		{B6E35A37-9E28-4CA4-BEE3-99A02697B7B3}.Debug|x64.Build.0 = Debug|Any CPU
		{B6E35A37-9E28-4CA4-BEE3-99A02697B7B3}.Debug|x64.Deploy.0 = Debug|Any CPU
		{B6E35A37-9E28-4CA4-BEE3-99A02697B7B3}.Debug|x86.ActiveCfg = Debug|x86
		{B6E35A37-9E28-4CA4-BEE3-99A02697B7B3}.Debug|x86.Build.0 = Debug|x86
		{B6E35A37-9E28-4CA4-BEE3-99A02697B7B3}.Debug|x86.Deploy.0 = Debug|x86
		{B6E35A37-9E28-4CA4-BEE3-99A02697B7B3}.Release|Any CPU.ActiveCfg = Release|Any CPU
		{B6E35A37-9E28-4CA4-BEE3-99A02697B7B3}.Release|Any CPU.Build.0 = Release|Any CPU
		{B6E35A37-9E28-4CA4-BEE3-99A02697B7B3}.Release|Any CPU.Deploy.0 = Release|Any CPU
		{B6E35A37-9E28-4CA4-BEE3-99A02697B7B3}.Release|ARM.ActiveCfg = Release|ARM
		{B6E35A37-9E28-4CA4-BEE3-99A02697B7B3}.Release|ARM.Build.0 = Release|ARM
		{B6E35A37-9E28-4CA4-BEE3-99A02697B7B3}.Release|ARM.Deploy.0 = Release|ARM
		{B6E35A37-9E28-4CA4-BEE3-99A02697B7B3}.Release|iPhone.ActiveCfg = Release|Any CPU
		{B6E35A37-9E28-4CA4-BEE3-99A02697B7B3}.Release|iPhone.Build.0 = Release|Any CPU
		{B6E35A37-9E28-4CA4-BEE3-99A02697B7B3}.Release|iPhone.Deploy.0 = Release|Any CPU
		{B6E35A37-9E28-4CA4-BEE3-99A02697B7B3}.Release|iPhoneSimulator.ActiveCfg = Release|Any CPU
		{B6E35A37-9E28-4CA4-BEE3-99A02697B7B3}.Release|iPhoneSimulator.Build.0 = Release|Any CPU
		{B6E35A37-9E28-4CA4-BEE3-99A02697B7B3}.Release|iPhoneSimulator.Deploy.0 = Release|Any CPU
		{B6E35A37-9E28-4CA4-BEE3-99A02697B7B3}.Release|x64.ActiveCfg = Release|Any CPU
		{B6E35A37-9E28-4CA4-BEE3-99A02697B7B3}.Release|x64.Build.0 = Release|Any CPU
		{B6E35A37-9E28-4CA4-BEE3-99A02697B7B3}.Release|x64.Deploy.0 = Release|Any CPU
		{B6E35A37-9E28-4CA4-BEE3-99A02697B7B3}.Release|x86.ActiveCfg = Release|x86
		{B6E35A37-9E28-4CA4-BEE3-99A02697B7B3}.Release|x86.Build.0 = Release|x86
		{B6E35A37-9E28-4CA4-BEE3-99A02697B7B3}.Release|x86.Deploy.0 = Release|x86
		{0A1A056B-AB70-4C65-BAA1-5BC0FD41B6F7}.Ad-Hoc|Any CPU.ActiveCfg = Release|x86
		{0A1A056B-AB70-4C65-BAA1-5BC0FD41B6F7}.Ad-Hoc|Any CPU.Build.0 = Release|x86
		{0A1A056B-AB70-4C65-BAA1-5BC0FD41B6F7}.Ad-Hoc|Any CPU.Deploy.0 = Release|x86
		{0A1A056B-AB70-4C65-BAA1-5BC0FD41B6F7}.Ad-Hoc|ARM.ActiveCfg = Release|ARM
		{0A1A056B-AB70-4C65-BAA1-5BC0FD41B6F7}.Ad-Hoc|ARM.Build.0 = Release|ARM
		{0A1A056B-AB70-4C65-BAA1-5BC0FD41B6F7}.Ad-Hoc|ARM.Deploy.0 = Release|ARM
		{0A1A056B-AB70-4C65-BAA1-5BC0FD41B6F7}.Ad-Hoc|iPhone.ActiveCfg = Release|x86
		{0A1A056B-AB70-4C65-BAA1-5BC0FD41B6F7}.Ad-Hoc|iPhone.Build.0 = Release|x86
		{0A1A056B-AB70-4C65-BAA1-5BC0FD41B6F7}.Ad-Hoc|iPhone.Deploy.0 = Release|x86
		{0A1A056B-AB70-4C65-BAA1-5BC0FD41B6F7}.Ad-Hoc|iPhoneSimulator.ActiveCfg = Release|x86
		{0A1A056B-AB70-4C65-BAA1-5BC0FD41B6F7}.Ad-Hoc|iPhoneSimulator.Build.0 = Release|x86
		{0A1A056B-AB70-4C65-BAA1-5BC0FD41B6F7}.Ad-Hoc|iPhoneSimulator.Deploy.0 = Release|x86
		{0A1A056B-AB70-4C65-BAA1-5BC0FD41B6F7}.Ad-Hoc|x64.ActiveCfg = Release|x64
		{0A1A056B-AB70-4C65-BAA1-5BC0FD41B6F7}.Ad-Hoc|x64.Build.0 = Release|x64
		{0A1A056B-AB70-4C65-BAA1-5BC0FD41B6F7}.Ad-Hoc|x64.Deploy.0 = Release|x64
		{0A1A056B-AB70-4C65-BAA1-5BC0FD41B6F7}.Ad-Hoc|x86.ActiveCfg = Release|x86
		{0A1A056B-AB70-4C65-BAA1-5BC0FD41B6F7}.Ad-Hoc|x86.Build.0 = Release|x86
		{0A1A056B-AB70-4C65-BAA1-5BC0FD41B6F7}.Ad-Hoc|x86.Deploy.0 = Release|x86
		{0A1A056B-AB70-4C65-BAA1-5BC0FD41B6F7}.AppStore|Any CPU.ActiveCfg = Release|x86
		{0A1A056B-AB70-4C65-BAA1-5BC0FD41B6F7}.AppStore|Any CPU.Build.0 = Release|x86
		{0A1A056B-AB70-4C65-BAA1-5BC0FD41B6F7}.AppStore|Any CPU.Deploy.0 = Release|x86
		{0A1A056B-AB70-4C65-BAA1-5BC0FD41B6F7}.AppStore|ARM.ActiveCfg = Release|ARM
		{0A1A056B-AB70-4C65-BAA1-5BC0FD41B6F7}.AppStore|ARM.Build.0 = Release|ARM
		{0A1A056B-AB70-4C65-BAA1-5BC0FD41B6F7}.AppStore|ARM.Deploy.0 = Release|ARM
		{0A1A056B-AB70-4C65-BAA1-5BC0FD41B6F7}.AppStore|iPhone.ActiveCfg = Release|x86
		{0A1A056B-AB70-4C65-BAA1-5BC0FD41B6F7}.AppStore|iPhone.Build.0 = Release|x86
		{0A1A056B-AB70-4C65-BAA1-5BC0FD41B6F7}.AppStore|iPhone.Deploy.0 = Release|x86
		{0A1A056B-AB70-4C65-BAA1-5BC0FD41B6F7}.AppStore|iPhoneSimulator.ActiveCfg = Release|x86
		{0A1A056B-AB70-4C65-BAA1-5BC0FD41B6F7}.AppStore|iPhoneSimulator.Build.0 = Release|x86
		{0A1A056B-AB70-4C65-BAA1-5BC0FD41B6F7}.AppStore|iPhoneSimulator.Deploy.0 = Release|x86
		{0A1A056B-AB70-4C65-BAA1-5BC0FD41B6F7}.AppStore|x64.ActiveCfg = Release|x64
		{0A1A056B-AB70-4C65-BAA1-5BC0FD41B6F7}.AppStore|x64.Build.0 = Release|x64
		{0A1A056B-AB70-4C65-BAA1-5BC0FD41B6F7}.AppStore|x64.Deploy.0 = Release|x64
		{0A1A056B-AB70-4C65-BAA1-5BC0FD41B6F7}.AppStore|x86.ActiveCfg = Release|x86
		{0A1A056B-AB70-4C65-BAA1-5BC0FD41B6F7}.AppStore|x86.Build.0 = Release|x86
		{0A1A056B-AB70-4C65-BAA1-5BC0FD41B6F7}.AppStore|x86.Deploy.0 = Release|x86
		{0A1A056B-AB70-4C65-BAA1-5BC0FD41B6F7}.Debug|Any CPU.ActiveCfg = Debug|x86
		{0A1A056B-AB70-4C65-BAA1-5BC0FD41B6F7}.Debug|Any CPU.Build.0 = Debug|x86
		{0A1A056B-AB70-4C65-BAA1-5BC0FD41B6F7}.Debug|Any CPU.Deploy.0 = Debug|x86
		{0A1A056B-AB70-4C65-BAA1-5BC0FD41B6F7}.Debug|ARM.ActiveCfg = Debug|ARM
		{0A1A056B-AB70-4C65-BAA1-5BC0FD41B6F7}.Debug|ARM.Build.0 = Debug|ARM
		{0A1A056B-AB70-4C65-BAA1-5BC0FD41B6F7}.Debug|ARM.Deploy.0 = Debug|ARM
		{0A1A056B-AB70-4C65-BAA1-5BC0FD41B6F7}.Debug|iPhone.ActiveCfg = Debug|x86
		{0A1A056B-AB70-4C65-BAA1-5BC0FD41B6F7}.Debug|iPhoneSimulator.ActiveCfg = Debug|x86
		{0A1A056B-AB70-4C65-BAA1-5BC0FD41B6F7}.Debug|x64.ActiveCfg = Debug|x64
		{0A1A056B-AB70-4C65-BAA1-5BC0FD41B6F7}.Debug|x64.Build.0 = Debug|x64
		{0A1A056B-AB70-4C65-BAA1-5BC0FD41B6F7}.Debug|x64.Deploy.0 = Debug|x64
		{0A1A056B-AB70-4C65-BAA1-5BC0FD41B6F7}.Debug|x86.ActiveCfg = Debug|x86
		{0A1A056B-AB70-4C65-BAA1-5BC0FD41B6F7}.Debug|x86.Build.0 = Debug|x86
		{0A1A056B-AB70-4C65-BAA1-5BC0FD41B6F7}.Debug|x86.Deploy.0 = Debug|x86
		{0A1A056B-AB70-4C65-BAA1-5BC0FD41B6F7}.Release|Any CPU.ActiveCfg = Release|x86
		{0A1A056B-AB70-4C65-BAA1-5BC0FD41B6F7}.Release|ARM.ActiveCfg = Release|ARM
		{0A1A056B-AB70-4C65-BAA1-5BC0FD41B6F7}.Release|ARM.Build.0 = Release|ARM
		{0A1A056B-AB70-4C65-BAA1-5BC0FD41B6F7}.Release|ARM.Deploy.0 = Release|ARM
		{0A1A056B-AB70-4C65-BAA1-5BC0FD41B6F7}.Release|iPhone.ActiveCfg = Release|x86
		{0A1A056B-AB70-4C65-BAA1-5BC0FD41B6F7}.Release|iPhoneSimulator.ActiveCfg = Release|x86
		{0A1A056B-AB70-4C65-BAA1-5BC0FD41B6F7}.Release|x64.ActiveCfg = Release|x64
		{0A1A056B-AB70-4C65-BAA1-5BC0FD41B6F7}.Release|x64.Build.0 = Release|x64
		{0A1A056B-AB70-4C65-BAA1-5BC0FD41B6F7}.Release|x64.Deploy.0 = Release|x64
		{0A1A056B-AB70-4C65-BAA1-5BC0FD41B6F7}.Release|x86.ActiveCfg = Release|x86
		{0A1A056B-AB70-4C65-BAA1-5BC0FD41B6F7}.Release|x86.Build.0 = Release|x86
		{0A1A056B-AB70-4C65-BAA1-5BC0FD41B6F7}.Release|x86.Deploy.0 = Release|x86
		{51016599-807A-47C6-BBC3-665F942E4747}.Ad-Hoc|Any CPU.ActiveCfg = Release|Any CPU
		{51016599-807A-47C6-BBC3-665F942E4747}.Ad-Hoc|Any CPU.Build.0 = Release|Any CPU
		{51016599-807A-47C6-BBC3-665F942E4747}.Ad-Hoc|Any CPU.Deploy.0 = Release|Any CPU
		{51016599-807A-47C6-BBC3-665F942E4747}.Ad-Hoc|ARM.ActiveCfg = Release|ARM
		{51016599-807A-47C6-BBC3-665F942E4747}.Ad-Hoc|ARM.Build.0 = Release|ARM
		{51016599-807A-47C6-BBC3-665F942E4747}.Ad-Hoc|ARM.Deploy.0 = Release|ARM
		{51016599-807A-47C6-BBC3-665F942E4747}.Ad-Hoc|iPhone.ActiveCfg = Release|Any CPU
		{51016599-807A-47C6-BBC3-665F942E4747}.Ad-Hoc|iPhone.Build.0 = Release|Any CPU
		{51016599-807A-47C6-BBC3-665F942E4747}.Ad-Hoc|iPhone.Deploy.0 = Release|Any CPU
		{51016599-807A-47C6-BBC3-665F942E4747}.Ad-Hoc|iPhoneSimulator.ActiveCfg = Release|Any CPU
		{51016599-807A-47C6-BBC3-665F942E4747}.Ad-Hoc|iPhoneSimulator.Build.0 = Release|Any CPU
		{51016599-807A-47C6-BBC3-665F942E4747}.Ad-Hoc|iPhoneSimulator.Deploy.0 = Release|Any CPU
		{51016599-807A-47C6-BBC3-665F942E4747}.Ad-Hoc|x64.ActiveCfg = Release|x64
		{51016599-807A-47C6-BBC3-665F942E4747}.Ad-Hoc|x64.Build.0 = Release|x64
		{51016599-807A-47C6-BBC3-665F942E4747}.Ad-Hoc|x64.Deploy.0 = Release|x64
		{51016599-807A-47C6-BBC3-665F942E4747}.Ad-Hoc|x86.ActiveCfg = Release|x86
		{51016599-807A-47C6-BBC3-665F942E4747}.Ad-Hoc|x86.Build.0 = Release|x86
		{51016599-807A-47C6-BBC3-665F942E4747}.Ad-Hoc|x86.Deploy.0 = Release|x86
		{51016599-807A-47C6-BBC3-665F942E4747}.AppStore|Any CPU.ActiveCfg = Release|Any CPU
		{51016599-807A-47C6-BBC3-665F942E4747}.AppStore|Any CPU.Build.0 = Release|Any CPU
		{51016599-807A-47C6-BBC3-665F942E4747}.AppStore|Any CPU.Deploy.0 = Release|Any CPU
		{51016599-807A-47C6-BBC3-665F942E4747}.AppStore|ARM.ActiveCfg = Release|ARM
		{51016599-807A-47C6-BBC3-665F942E4747}.AppStore|ARM.Build.0 = Release|ARM
		{51016599-807A-47C6-BBC3-665F942E4747}.AppStore|ARM.Deploy.0 = Release|ARM
		{51016599-807A-47C6-BBC3-665F942E4747}.AppStore|iPhone.ActiveCfg = Release|Any CPU
		{51016599-807A-47C6-BBC3-665F942E4747}.AppStore|iPhone.Build.0 = Release|Any CPU
		{51016599-807A-47C6-BBC3-665F942E4747}.AppStore|iPhone.Deploy.0 = Release|Any CPU
		{51016599-807A-47C6-BBC3-665F942E4747}.AppStore|iPhoneSimulator.ActiveCfg = Release|Any CPU
		{51016599-807A-47C6-BBC3-665F942E4747}.AppStore|iPhoneSimulator.Build.0 = Release|Any CPU
		{51016599-807A-47C6-BBC3-665F942E4747}.AppStore|iPhoneSimulator.Deploy.0 = Release|Any CPU
		{51016599-807A-47C6-BBC3-665F942E4747}.AppStore|x64.ActiveCfg = Release|x64
		{51016599-807A-47C6-BBC3-665F942E4747}.AppStore|x64.Build.0 = Release|x64
		{51016599-807A-47C6-BBC3-665F942E4747}.AppStore|x64.Deploy.0 = Release|x64
		{51016599-807A-47C6-BBC3-665F942E4747}.AppStore|x86.ActiveCfg = Release|x86
		{51016599-807A-47C6-BBC3-665F942E4747}.AppStore|x86.Build.0 = Release|x86
		{51016599-807A-47C6-BBC3-665F942E4747}.AppStore|x86.Deploy.0 = Release|x86
		{51016599-807A-47C6-BBC3-665F942E4747}.Debug|Any CPU.ActiveCfg = Debug|Any CPU
		{51016599-807A-47C6-BBC3-665F942E4747}.Debug|Any CPU.Build.0 = Debug|Any CPU
		{51016599-807A-47C6-BBC3-665F942E4747}.Debug|Any CPU.Deploy.0 = Debug|Any CPU
		{51016599-807A-47C6-BBC3-665F942E4747}.Debug|ARM.ActiveCfg = Debug|ARM
		{51016599-807A-47C6-BBC3-665F942E4747}.Debug|ARM.Build.0 = Debug|ARM
		{51016599-807A-47C6-BBC3-665F942E4747}.Debug|ARM.Deploy.0 = Debug|ARM
		{51016599-807A-47C6-BBC3-665F942E4747}.Debug|iPhone.ActiveCfg = Debug|Any CPU
		{51016599-807A-47C6-BBC3-665F942E4747}.Debug|iPhone.Build.0 = Debug|Any CPU
		{51016599-807A-47C6-BBC3-665F942E4747}.Debug|iPhone.Deploy.0 = Debug|Any CPU
		{51016599-807A-47C6-BBC3-665F942E4747}.Debug|iPhoneSimulator.ActiveCfg = Debug|Any CPU
		{51016599-807A-47C6-BBC3-665F942E4747}.Debug|iPhoneSimulator.Build.0 = Debug|Any CPU
		{51016599-807A-47C6-BBC3-665F942E4747}.Debug|iPhoneSimulator.Deploy.0 = Debug|Any CPU
		{51016599-807A-47C6-BBC3-665F942E4747}.Debug|x64.ActiveCfg = Debug|x64
		{51016599-807A-47C6-BBC3-665F942E4747}.Debug|x64.Build.0 = Debug|x64
		{51016599-807A-47C6-BBC3-665F942E4747}.Debug|x64.Deploy.0 = Debug|x64
		{51016599-807A-47C6-BBC3-665F942E4747}.Debug|x86.ActiveCfg = Debug|x86
		{51016599-807A-47C6-BBC3-665F942E4747}.Debug|x86.Build.0 = Debug|x86
		{51016599-807A-47C6-BBC3-665F942E4747}.Debug|x86.Deploy.0 = Debug|x86
		{51016599-807A-47C6-BBC3-665F942E4747}.Release|Any CPU.ActiveCfg = Release|Any CPU
		{51016599-807A-47C6-BBC3-665F942E4747}.Release|Any CPU.Build.0 = Release|Any CPU
		{51016599-807A-47C6-BBC3-665F942E4747}.Release|Any CPU.Deploy.0 = Release|Any CPU
		{51016599-807A-47C6-BBC3-665F942E4747}.Release|ARM.ActiveCfg = Release|ARM
		{51016599-807A-47C6-BBC3-665F942E4747}.Release|ARM.Build.0 = Release|ARM
		{51016599-807A-47C6-BBC3-665F942E4747}.Release|ARM.Deploy.0 = Release|ARM
		{51016599-807A-47C6-BBC3-665F942E4747}.Release|iPhone.ActiveCfg = Release|Any CPU
		{51016599-807A-47C6-BBC3-665F942E4747}.Release|iPhone.Build.0 = Release|Any CPU
		{51016599-807A-47C6-BBC3-665F942E4747}.Release|iPhone.Deploy.0 = Release|Any CPU
		{51016599-807A-47C6-BBC3-665F942E4747}.Release|iPhoneSimulator.ActiveCfg = Release|Any CPU
		{51016599-807A-47C6-BBC3-665F942E4747}.Release|iPhoneSimulator.Build.0 = Release|Any CPU
		{51016599-807A-47C6-BBC3-665F942E4747}.Release|iPhoneSimulator.Deploy.0 = Release|Any CPU
		{51016599-807A-47C6-BBC3-665F942E4747}.Release|x64.ActiveCfg = Release|x64
		{51016599-807A-47C6-BBC3-665F942E4747}.Release|x64.Build.0 = Release|x64
		{51016599-807A-47C6-BBC3-665F942E4747}.Release|x64.Deploy.0 = Release|x64
		{51016599-807A-47C6-BBC3-665F942E4747}.Release|x86.ActiveCfg = Release|x86
		{51016599-807A-47C6-BBC3-665F942E4747}.Release|x86.Build.0 = Release|x86
		{51016599-807A-47C6-BBC3-665F942E4747}.Release|x86.Deploy.0 = Release|x86
		{19D6A019-C5E7-4B44-8E67-BFA2DE29080F}.Ad-Hoc|Any CPU.ActiveCfg = Release|Any CPU
		{19D6A019-C5E7-4B44-8E67-BFA2DE29080F}.Ad-Hoc|Any CPU.Build.0 = Release|Any CPU
		{19D6A019-C5E7-4B44-8E67-BFA2DE29080F}.Ad-Hoc|ARM.ActiveCfg = Release|Any CPU
		{19D6A019-C5E7-4B44-8E67-BFA2DE29080F}.Ad-Hoc|ARM.Build.0 = Release|Any CPU
		{19D6A019-C5E7-4B44-8E67-BFA2DE29080F}.Ad-Hoc|iPhone.ActiveCfg = Release|Any CPU
		{19D6A019-C5E7-4B44-8E67-BFA2DE29080F}.Ad-Hoc|iPhone.Build.0 = Release|Any CPU
		{19D6A019-C5E7-4B44-8E67-BFA2DE29080F}.Ad-Hoc|iPhoneSimulator.ActiveCfg = Release|Any CPU
		{19D6A019-C5E7-4B44-8E67-BFA2DE29080F}.Ad-Hoc|iPhoneSimulator.Build.0 = Release|Any CPU
		{19D6A019-C5E7-4B44-8E67-BFA2DE29080F}.Ad-Hoc|x64.ActiveCfg = Release|Any CPU
		{19D6A019-C5E7-4B44-8E67-BFA2DE29080F}.Ad-Hoc|x64.Build.0 = Release|Any CPU
		{19D6A019-C5E7-4B44-8E67-BFA2DE29080F}.Ad-Hoc|x86.ActiveCfg = Release|Any CPU
		{19D6A019-C5E7-4B44-8E67-BFA2DE29080F}.Ad-Hoc|x86.Build.0 = Release|Any CPU
		{19D6A019-C5E7-4B44-8E67-BFA2DE29080F}.AppStore|Any CPU.ActiveCfg = Release|Any CPU
		{19D6A019-C5E7-4B44-8E67-BFA2DE29080F}.AppStore|Any CPU.Build.0 = Release|Any CPU
		{19D6A019-C5E7-4B44-8E67-BFA2DE29080F}.AppStore|ARM.ActiveCfg = Release|Any CPU
		{19D6A019-C5E7-4B44-8E67-BFA2DE29080F}.AppStore|ARM.Build.0 = Release|Any CPU
		{19D6A019-C5E7-4B44-8E67-BFA2DE29080F}.AppStore|iPhone.ActiveCfg = Release|Any CPU
		{19D6A019-C5E7-4B44-8E67-BFA2DE29080F}.AppStore|iPhone.Build.0 = Release|Any CPU
		{19D6A019-C5E7-4B44-8E67-BFA2DE29080F}.AppStore|iPhoneSimulator.ActiveCfg = Release|Any CPU
		{19D6A019-C5E7-4B44-8E67-BFA2DE29080F}.AppStore|iPhoneSimulator.Build.0 = Release|Any CPU
		{19D6A019-C5E7-4B44-8E67-BFA2DE29080F}.AppStore|x64.ActiveCfg = Release|Any CPU
		{19D6A019-C5E7-4B44-8E67-BFA2DE29080F}.AppStore|x64.Build.0 = Release|Any CPU
		{19D6A019-C5E7-4B44-8E67-BFA2DE29080F}.AppStore|x86.ActiveCfg = Release|Any CPU
		{19D6A019-C5E7-4B44-8E67-BFA2DE29080F}.AppStore|x86.Build.0 = Release|Any CPU
		{19D6A019-C5E7-4B44-8E67-BFA2DE29080F}.Debug|Any CPU.ActiveCfg = Debug|Any CPU
		{19D6A019-C5E7-4B44-8E67-BFA2DE29080F}.Debug|Any CPU.Build.0 = Debug|Any CPU
		{19D6A019-C5E7-4B44-8E67-BFA2DE29080F}.Debug|ARM.ActiveCfg = Debug|Any CPU
		{19D6A019-C5E7-4B44-8E67-BFA2DE29080F}.Debug|ARM.Build.0 = Debug|Any CPU
		{19D6A019-C5E7-4B44-8E67-BFA2DE29080F}.Debug|iPhone.ActiveCfg = Debug|Any CPU
		{19D6A019-C5E7-4B44-8E67-BFA2DE29080F}.Debug|iPhone.Build.0 = Debug|Any CPU
		{19D6A019-C5E7-4B44-8E67-BFA2DE29080F}.Debug|iPhoneSimulator.ActiveCfg = Debug|Any CPU
		{19D6A019-C5E7-4B44-8E67-BFA2DE29080F}.Debug|iPhoneSimulator.Build.0 = Debug|Any CPU
		{19D6A019-C5E7-4B44-8E67-BFA2DE29080F}.Debug|x64.ActiveCfg = Debug|Any CPU
		{19D6A019-C5E7-4B44-8E67-BFA2DE29080F}.Debug|x64.Build.0 = Debug|Any CPU
		{19D6A019-C5E7-4B44-8E67-BFA2DE29080F}.Debug|x86.ActiveCfg = Debug|Any CPU
		{19D6A019-C5E7-4B44-8E67-BFA2DE29080F}.Debug|x86.Build.0 = Debug|Any CPU
		{19D6A019-C5E7-4B44-8E67-BFA2DE29080F}.Release|Any CPU.ActiveCfg = Release|Any CPU
		{19D6A019-C5E7-4B44-8E67-BFA2DE29080F}.Release|Any CPU.Build.0 = Release|Any CPU
		{19D6A019-C5E7-4B44-8E67-BFA2DE29080F}.Release|ARM.ActiveCfg = Release|Any CPU
		{19D6A019-C5E7-4B44-8E67-BFA2DE29080F}.Release|ARM.Build.0 = Release|Any CPU
		{19D6A019-C5E7-4B44-8E67-BFA2DE29080F}.Release|iPhone.ActiveCfg = Release|Any CPU
		{19D6A019-C5E7-4B44-8E67-BFA2DE29080F}.Release|iPhone.Build.0 = Release|Any CPU
		{19D6A019-C5E7-4B44-8E67-BFA2DE29080F}.Release|iPhoneSimulator.ActiveCfg = Release|Any CPU
		{19D6A019-C5E7-4B44-8E67-BFA2DE29080F}.Release|iPhoneSimulator.Build.0 = Release|Any CPU
		{19D6A019-C5E7-4B44-8E67-BFA2DE29080F}.Release|x64.ActiveCfg = Release|Any CPU
		{19D6A019-C5E7-4B44-8E67-BFA2DE29080F}.Release|x64.Build.0 = Release|Any CPU
		{19D6A019-C5E7-4B44-8E67-BFA2DE29080F}.Release|x86.ActiveCfg = Release|Any CPU
		{19D6A019-C5E7-4B44-8E67-BFA2DE29080F}.Release|x86.Build.0 = Release|Any CPU
	EndGlobalSection
	GlobalSection(SolutionProperties) = preSolution
		HideSolutionNode = FALSE
	EndGlobalSection
EndGlobal
